# THIS IS AN AUTOGENERATED FILE. DO NOT EDIT THIS FILE DIRECTLY.
# yarn lockfile v1


"@babel/runtime@^7.7.2":
  version "7.9.2"
  resolved "https://registry.yarnpkg.com/@babel/runtime/-/runtime-7.9.2.tgz#d90df0583a3a252f09aaa619665367bae518db06"
  integrity sha512-NE2DtOdufG7R5vnfQUTehdTfNycfUANEtCa9PssN9O/xmTzP4E08UI797ixaei6hBEVL9BI/PsdJS5x7mWoB9Q==
  dependencies:
    regenerator-runtime "^0.13.4"

"@jimp/bmp@^0.17.10":
  version "0.17.10"
  resolved "https://registry.yarnpkg.com/@jimp/bmp/-/bmp-0.17.10.tgz#9e24d4595636d400de1bc3db48f59ddac7484e5d"
  integrity sha512-z24HIZoTLIbxcf4LFAYiPelzpg+78+5JQKQMKcyK808Ol7h6s7EVkDlHa5/auLZXR2nF3+sOJGh1FpZTxvPMJg==
  dependencies:
    "@babel/runtime" "^7.7.2"
    "@jimp/utils" "^0.17.10"
    bmp-js "^0.1.0"

"@jimp/core@^0.17.10":
  version "0.17.10"
  resolved "https://registry.yarnpkg.com/@jimp/core/-/core-0.17.10.tgz#dd8cb7dff53b56b280d39c4f093916f26b4923e5"
  integrity sha512-xyYjEUQdohzeJdlEPQPlA8yp0+DcAm+oWyYSSlUgnFf4SB4rAjME4FqzU7CzEGYVCzAQHpJ1PrvbLhhC/uE6wg==
  dependencies:
    "@babel/runtime" "^7.7.2"
    "@jimp/utils" "^0.17.10"
    any-base "^1.1.0"
    buffer "^5.2.0"
    exif-parser "^0.1.12"
    file-type "^16.5.4"
    mkdirp "^0.5.1"
    phin "^2.9.1"
    pixelmatch "^4.0.2"
    tinycolor2 "^1.4.1"

"@jimp/custom@^0.17.0":
  version "0.17.10"
  resolved "https://registry.yarnpkg.com/@jimp/custom/-/custom-0.17.10.tgz#693a404d8096952862670c6d470837dd026f6f55"
  integrity sha512-75nUysb52nGoODUNZEe4u2I8v5iW78xNuO/vO6acEfpSF+r/9DM8AmPMMYM1CGbzIBsS0JFPlhPzIshB1y2UFg==
  dependencies:
    "@babel/runtime" "^7.7.2"
    "@jimp/core" "^0.17.10"

"@jimp/gif@^0.17.10":
  version "0.17.10"
  resolved "https://registry.yarnpkg.com/@jimp/gif/-/gif-0.17.10.tgz#0fef28ffe2602c02e75dab46e50231460862ed22"
  integrity sha512-dWe3efr2BVkjVqQ5RbGzhuTkj8OaYU4Ah8y6+CqHYxgJ8pdJvBV8UyZnNel94Znt9AiYqg3bZmP3e/CiP2of+g==
  dependencies:
    "@babel/runtime" "^7.7.2"
    "@jimp/utils" "^0.17.10"
    gifwrap "^0.9.2"
    omggif "^1.0.9"

"@jimp/jpeg@^0.17.10":
  version "0.17.10"
  resolved "https://registry.yarnpkg.com/@jimp/jpeg/-/jpeg-0.17.10.tgz#e5f34d1732cf4bfba09cb31c6638c85b29eba98b"
  integrity sha512-1S0MWnQdq4QLjgT8/MjYe99kUMm6C8jSOJ/KPJhWUj+JMRVlJj424A2p759XczV1vPWNAyseE6RqpaU/IPGr+A==
  dependencies:
    "@babel/runtime" "^7.7.2"
    "@jimp/utils" "^0.17.10"
    jpeg-js "^0.4.4"

"@jimp/plugin-blit@^0.17.10":
  version "0.17.10"
  resolved "https://registry.yarnpkg.com/@jimp/plugin-blit/-/plugin-blit-0.17.10.tgz#44ce53a893d556bf0e563ade7929a9b7a481d944"
  integrity sha512-iN6zbG8ZyWhjELk2Q/JLhsQqGFjmH05fMWe6M1yJhzVnGpQ8TX2pwlvPOmdj2TA8lWiljYovrQtgapiBoM1Ahw==
  dependencies:
    "@babel/runtime" "^7.7.2"
    "@jimp/utils" "^0.17.10"

"@jimp/plugin-blur@^0.17.10":
  version "0.17.10"
  resolved "https://registry.yarnpkg.com/@jimp/plugin-blur/-/plugin-blur-0.17.10.tgz#2c3b6ba10f20d9d3a9d71f63fba3bc790b23868e"
  integrity sha512-rYxCE5K/fFFnH5w+6YFyvwTfUA7mGlLoGwTEat6Jxw+vAQGiJ8a/3Jagzi2mOYs4LaEVu2bF6LNQnD0ziS50EA==
  dependencies:
    "@babel/runtime" "^7.7.2"
    "@jimp/utils" "^0.17.10"

"@jimp/plugin-circle@^0.17.10":
  version "0.17.10"
  resolved "https://registry.yarnpkg.com/@jimp/plugin-circle/-/plugin-circle-0.17.10.tgz#d80dc8cdc905f52d29829a89f0af3e587e114291"
  integrity sha512-xhJf4Edi7SK4jjuQrmcKk9WrBnwiY8go0PyPxduIIXHogUXtz7mMXfq5m6gglPqDjSLZC/YeFdp9LbfeyR6vfw==
  dependencies:
    "@babel/runtime" "^7.7.2"
    "@jimp/utils" "^0.17.10"

"@jimp/plugin-color@^0.17.10":
  version "0.17.10"
  resolved "https://registry.yarnpkg.com/@jimp/plugin-color/-/plugin-color-0.17.10.tgz#1731c305c516fc436de2d7be62b94e029047b56f"
  integrity sha512-nAdfyHTeX83h3qiT0Ei3kHk8vgrpqL3Z4ostTDELMN8iWg21YaN2xfBHA5KDB6zzJIMsVsMn/+wcQHuYui1D0A==
  dependencies:
    "@babel/runtime" "^7.7.2"
    "@jimp/utils" "^0.17.10"
    tinycolor2 "^1.4.1"

"@jimp/plugin-contain@^0.17.10":
  version "0.17.10"
  resolved "https://registry.yarnpkg.com/@jimp/plugin-contain/-/plugin-contain-0.17.10.tgz#93b40c2394df1781a706d9ec731546ea0a9004af"
  integrity sha512-kXoZ0XQfXmkwqViWVbQUuyYmTFYIeMGOIOVocEFHOftIc6bOmhNbD5quivUF07DWMGHEc0eetDXChFbYVHFz6w==
  dependencies:
    "@babel/runtime" "^7.7.2"
    "@jimp/utils" "^0.17.10"

"@jimp/plugin-cover@^0.17.10":
  version "0.17.10"
  resolved "https://registry.yarnpkg.com/@jimp/plugin-cover/-/plugin-cover-0.17.10.tgz#4ad7d24ac4c8b526b45e1c2153d75304ea100396"
  integrity sha512-XC9Ia6WrV3QXDzF/mX+AyRm99xw1rlFVpijAzRTC9Sx3GE39y2PtpIEjOLfeIr0Jt5X7ly8QSTHydKTqiBZweg==
  dependencies:
    "@babel/runtime" "^7.7.2"
    "@jimp/utils" "^0.17.10"

"@jimp/plugin-crop@^0.17.10":
  version "0.17.10"
  resolved "https://registry.yarnpkg.com/@jimp/plugin-crop/-/plugin-crop-0.17.10.tgz#db9afdde30103c04202ea3cfc3092e082824b2b8"
  integrity sha512-vTtcOl7RGFClBf+FPmJn713FztnjPA5MDS9LJK1fCi179XUFtNvYtXC9+2Ti/FTeigY3MAzw2pyR8U8MYL2JnQ==
  dependencies:
    "@babel/runtime" "^7.7.2"
    "@jimp/utils" "^0.17.10"

"@jimp/plugin-displace@^0.17.10":
  version "0.17.10"
  resolved "https://registry.yarnpkg.com/@jimp/plugin-displace/-/plugin-displace-0.17.10.tgz#c49003d603c6a32c887cf42c531a3f5954c23f86"
  integrity sha512-ikr1HmXuYOC3hIJf6IcXAS5lBSgrUJ6DJ4OHwcCS7DwUyCmm45q6Olh8uN1Iysz8yJ4heTGLw+/IhaPwBZU0dQ==
  dependencies:
    "@babel/runtime" "^7.7.2"
    "@jimp/utils" "^0.17.10"

"@jimp/plugin-dither@^0.17.10":
  version "0.17.10"
  resolved "https://registry.yarnpkg.com/@jimp/plugin-dither/-/plugin-dither-0.17.10.tgz#3770b68c749f8f0f13f0afc0de4f8276a81bfef4"
  integrity sha512-3oR1PDmAGtBzye69nF4lgDNiG/MxEK/9e+wtmA3LyraPi6tEp08XFjly8Y/j76+vs1D2eZ3n+6GBaUX0K/gFVw==
  dependencies:
    "@babel/runtime" "^7.7.2"
    "@jimp/utils" "^0.17.10"

"@jimp/plugin-fisheye@^0.17.10":
  version "0.17.10"
  resolved "https://registry.yarnpkg.com/@jimp/plugin-fisheye/-/plugin-fisheye-0.17.10.tgz#f61ce9fedb7d746df9c160992bcaf885837fa7d9"
  integrity sha512-Sk9vH90NDVd3FkhxlcyvDfdbKbnmalpnJGmhYTkKuIe6gQm4329Mx8AfQqK6tialG4+M6jc/4G8EVlEY138gOA==
  dependencies:
    "@babel/runtime" "^7.7.2"
    "@jimp/utils" "^0.17.10"

"@jimp/plugin-flip@^0.17.10":
  version "0.17.10"
  resolved "https://registry.yarnpkg.com/@jimp/plugin-flip/-/plugin-flip-0.17.10.tgz#f8bcdf0c1028a7e37fe79021275f63ce60f95f91"
  integrity sha512-bF4Mz+aQ0GvPlgCUENypzloRzxkb8wgbP8ZB/twTVQ4WfBq+R/MOpEIqu33nKfEtxW2k9FBNQsl9zYf2pszCFA==
  dependencies:
    "@babel/runtime" "^7.7.2"
    "@jimp/utils" "^0.17.10"

"@jimp/plugin-gaussian@^0.17.10":
  version "0.17.10"
  resolved "https://registry.yarnpkg.com/@jimp/plugin-gaussian/-/plugin-gaussian-0.17.10.tgz#afcce0ef6a4c539b1a1addd40f7609fcccd661ab"
  integrity sha512-4RbK0XwQ0zl9AuU05vZrxVU6BOVrPYJqzUZwtWqAVxHY3OX6M1Gs+4ugwdiZ6wApCE7T/Zrq2qGT1aESMfZWmg==
  dependencies:
    "@babel/runtime" "^7.7.2"
    "@jimp/utils" "^0.17.10"

"@jimp/plugin-invert@^0.17.10":
  version "0.17.10"
  resolved "https://registry.yarnpkg.com/@jimp/plugin-invert/-/plugin-invert-0.17.10.tgz#e62904723aa4cca5cb6648ea65a8fbc0c1ce07ba"
  integrity sha512-9c9B6+C/vjpjt1ce5Q3hhSrgHvJsdSgxeK+KxpJKGNdpARNDSzhzRv0SFsbruyHnTDIcUuk0c3Zdy9IgYLpioQ==
  dependencies:
    "@babel/runtime" "^7.7.2"
    "@jimp/utils" "^0.17.10"

"@jimp/plugin-mask@^0.17.10":
  version "0.17.10"
  resolved "https://registry.yarnpkg.com/@jimp/plugin-mask/-/plugin-mask-0.17.10.tgz#99e97c1dcd0f405fb169fdac09522c73e4b26c61"
  integrity sha512-hPZcqhyksZ/0EYCS3fYqhLznvPA/NpvVr/tbkBdvOnbAMB1/AURLts9wQdDBrJYTpYXDWgeqXwtMPkr62giUpQ==
  dependencies:
    "@babel/runtime" "^7.7.2"
    "@jimp/utils" "^0.17.10"

"@jimp/plugin-normalize@^0.17.10":
  version "0.17.10"
  resolved "https://registry.yarnpkg.com/@jimp/plugin-normalize/-/plugin-normalize-0.17.10.tgz#2daf84e67e583dc67fd1100c90647b0f04f83371"
  integrity sha512-k3mu/PaQqa40f3Mlbvv2HOhM4JdhO8dMjDiJM+TBmZIeB4vqbimOlIImD/nAZDkG5zwY2nLnRPcxArdEY2Gv3Q==
  dependencies:
    "@babel/runtime" "^7.7.2"
    "@jimp/utils" "^0.17.10"

"@jimp/plugin-print@^0.17.10":
  version "0.17.10"
  resolved "https://registry.yarnpkg.com/@jimp/plugin-print/-/plugin-print-0.17.10.tgz#51c11d609577650e2a3b40be6d33c522d5f66ebf"
  integrity sha512-ojTtzHagcju+HsvUqPUcQ5Zvkflsh4sPae9p1pll2td8W9uE7c1YciKrtQ6rC/gpX18DflrXcI7ZjkHqgSRvlw==
  dependencies:
    "@babel/runtime" "^7.7.2"
    "@jimp/utils" "^0.17.10"
    load-bmfont "^1.4.1"

"@jimp/plugin-resize@^0.17.10":
  version "0.17.10"
  resolved "https://registry.yarnpkg.com/@jimp/plugin-resize/-/plugin-resize-0.17.10.tgz#4dd1513a26270a47481970de5b43edda40560a32"
  integrity sha512-NG9OUh0OYhrJHgms3w49EVFuYfszqEECMWYa5cpaG6Plc888zB8onj+SHeeP+OGIFzqcW+Uq16wWhNxpTWH+Vw==
  dependencies:
    "@babel/runtime" "^7.7.2"
    "@jimp/utils" "^0.17.10"

"@jimp/plugin-rotate@^0.17.10":
  version "0.17.10"
  resolved "https://registry.yarnpkg.com/@jimp/plugin-rotate/-/plugin-rotate-0.17.10.tgz#07fd567b34e89bf08648f2fa42d705975809b029"
  integrity sha512-J4eMRI6BXzVux9awQrjVeHXJc/zUoHOaOglOAj8qPatIZMKME96smjT6lr1Ielmi58o39cdA9KmKspCf5+3mPg==
  dependencies:
    "@babel/runtime" "^7.7.2"
    "@jimp/utils" "^0.17.10"

"@jimp/plugin-scale@^0.17.10":
  version "0.17.10"
  resolved "https://registry.yarnpkg.com/@jimp/plugin-scale/-/plugin-scale-0.17.10.tgz#6fd0ac9988a6c1f09e2cf350d2ae7cc9aaaacb10"
  integrity sha512-pps9kXK3BU2WI0UbSHV1b2Il3cHS20zm4wMtqkkvMYY1YvyFspE/IQVm35USWnVjM0PdGJRbFkmcfquWU7qbkQ==
  dependencies:
    "@babel/runtime" "^7.7.2"
    "@jimp/utils" "^0.17.10"

"@jimp/plugin-shadow@^0.17.10":
  version "0.17.10"
  resolved "https://registry.yarnpkg.com/@jimp/plugin-shadow/-/plugin-shadow-0.17.10.tgz#b9a77ccd19618a805ca15f793cac30fe60616801"
  integrity sha512-7Ci84B708PotyAK/87CtXDMA9jnHYhOnAvyQhs1JMGj8PA+UVvuDUdJtRredEpkaw5FAcF7T4KuPQ7ennhaglg==
  dependencies:
    "@babel/runtime" "^7.7.2"
    "@jimp/utils" "^0.17.10"

"@jimp/plugin-threshold@^0.17.10":
  version "0.17.10"
  resolved "https://registry.yarnpkg.com/@jimp/plugin-threshold/-/plugin-threshold-0.17.10.tgz#37f78d92ba26f0f8d8fe2fa912dddcb0c6988a83"
  integrity sha512-716GNALxuTDjn55D3yEs6fBvpkHQS8l0mN3Q8/mEc4zRbI05rKyRLgq69XB/Hvgij9xeNtsXJHifemuFbQ0XNQ==
  dependencies:
    "@babel/runtime" "^7.7.2"
    "@jimp/utils" "^0.17.10"

"@jimp/plugins@^0.17.0":
  version "0.17.10"
  resolved "https://registry.yarnpkg.com/@jimp/plugins/-/plugins-0.17.10.tgz#e7ee710bcf39d9da2070403583b2dbfdcfc649c4"
  integrity sha512-00Bf5jzrAvkVYK13h7jLzjhQuw9SEuQakA6gBw9j34Nj2OJkyATzbTCn0aX3EZgq74julsM3l1XStGQZeM1Ccg==
  dependencies:
    "@babel/runtime" "^7.7.2"
    "@jimp/plugin-blit" "^0.17.10"
    "@jimp/plugin-blur" "^0.17.10"
    "@jimp/plugin-circle" "^0.17.10"
    "@jimp/plugin-color" "^0.17.10"
    "@jimp/plugin-contain" "^0.17.10"
    "@jimp/plugin-cover" "^0.17.10"
    "@jimp/plugin-crop" "^0.17.10"
    "@jimp/plugin-displace" "^0.17.10"
    "@jimp/plugin-dither" "^0.17.10"
    "@jimp/plugin-fisheye" "^0.17.10"
    "@jimp/plugin-flip" "^0.17.10"
    "@jimp/plugin-gaussian" "^0.17.10"
    "@jimp/plugin-invert" "^0.17.10"
    "@jimp/plugin-mask" "^0.17.10"
    "@jimp/plugin-normalize" "^0.17.10"
    "@jimp/plugin-print" "^0.17.10"
    "@jimp/plugin-resize" "^0.17.10"
    "@jimp/plugin-rotate" "^0.17.10"
    "@jimp/plugin-scale" "^0.17.10"
    "@jimp/plugin-shadow" "^0.17.10"
    "@jimp/plugin-threshold" "^0.17.10"
    timm "^1.6.1"

"@jimp/png@^0.17.10":
  version "0.17.10"
  resolved "https://registry.yarnpkg.com/@jimp/png/-/png-0.17.10.tgz#169980766097e56d1abd05874ffe264f4544b1a9"
  integrity sha512-qRPr/eteB8O6TOkyQIRUh6B1DsR/H0bGpAf/AXrch9WpyAxptjQ3upUPmFVErFGljf0BieF5qE7KHDCDD6VDSQ==
  dependencies:
    "@babel/runtime" "^7.7.2"
    "@jimp/utils" "^0.17.10"
    pngjs "^6.0.0"

"@jimp/tiff@^0.17.10":
  version "0.17.10"
  resolved "https://registry.yarnpkg.com/@jimp/tiff/-/tiff-0.17.10.tgz#3d289ee87cf564698553e11245d6009891f2a2ba"
  integrity sha512-4gpQDHd7qGZOCQxa4bihAWGcs8fO26WneP47otQ4Ow2ueHnZ0bfK6iCqcae4Yu5YsY+Q2ROtvBA8DNC9Qd4row==
  dependencies:
    "@babel/runtime" "^7.7.2"
    utif "^2.0.1"

"@jimp/types@^0.17.0":
  version "0.17.10"
  resolved "https://registry.yarnpkg.com/@jimp/types/-/types-0.17.10.tgz#f00ee6c94510755302570aaf3297be13f9fdc481"
  integrity sha512-9bQmdp7G9KyoWBIvK9Xsqbkfvn0imnXFTZXTq+Re48qTKwn2DEot+0T/wBikSy8GpBTijErR3PM9p8uRXeEJ7Q==
  dependencies:
    "@babel/runtime" "^7.7.2"
    "@jimp/bmp" "^0.17.10"
    "@jimp/gif" "^0.17.10"
    "@jimp/jpeg" "^0.17.10"
    "@jimp/png" "^0.17.10"
    "@jimp/tiff" "^0.17.10"
    timm "^1.6.1"

"@jimp/utils@^0.17.10":
  version "0.17.10"
  resolved "https://registry.yarnpkg.com/@jimp/utils/-/utils-0.17.10.tgz#d475f75f153d13516d955ef8489823deb722cbf0"
  integrity sha512-GveXG772aE6+tY5qwuligE7cJvYyP5xhhUArpuEViehh+N3jCsIhUjT+nNhKIh7+5zIShhOlOWFxeZV48OBgPw==
  dependencies:
    "@babel/runtime" "^7.7.2"
    regenerator-runtime "^0.13.3"

"@tokenizer/token@^0.3.0":
  version "0.3.0"
  resolved "https://registry.yarnpkg.com/@tokenizer/token/-/token-0.3.0.tgz#fe98a93fe789247e998c75e74e9c7c63217aa276"
  integrity sha512-OvjF+z51L3ov0OyAU0duzsYuvO01PH7x4t6DJx+guahgTnBHkhJdG7soQeTSFLWN3efnHyibZ4Z8l2EuWwJN3A==

"@types/node@16.9.1":
  version "16.9.1"
  resolved "https://registry.yarnpkg.com/@types/node/-/node-16.9.1.tgz#0611b37db4246c937feef529ddcc018cf8e35708"
  integrity sha512-QpLcX9ZSsq3YYUUnD3nFDY8H7wctAhQj/TFKL8Ya8v5fMm3CFXxo8zStsLAl780ltoYoo1WvKUVGBQK+1ifr7g==

ansi-escapes@^3.2.0:
  version "3.2.0"
  resolved "https://registry.yarnpkg.com/ansi-escapes/-/ansi-escapes-3.2.0.tgz#8780b98ff9dbf5638152d1f1fe5c1d7b4442976b"
  integrity sha512-cBhpre4ma+U0T1oM5fXg7Dy1Jw7zzwv7lt/GoCpr+hDQJoYnKVPLL4dCvSEFMmQurOQvSrwT7SL/DAlhBI97RQ==

ansi-regex@^3.0.0:
  version "3.0.0"
  resolved "https://registry.yarnpkg.com/ansi-regex/-/ansi-regex-3.0.0.tgz#ed0317c322064f79466c02966bddb605ab37d998"
  integrity sha1-7QMXwyIGT3lGbAKWa922Bas32Zg=

ansi-regex@^4.1.0:
  version "4.1.0"
  resolved "https://registry.yarnpkg.com/ansi-regex/-/ansi-regex-4.1.0.tgz#8b9f8f08cf1acb843756a839ca8c7e3168c51997"
  integrity sha512-1apePfXM1UOSqw0o9IiFAovVz9M5S1Dg+4TrDwfMewQ6p/rmMueb7tWZjQ1rx4Loy1ArBggoqGpfqqdI4rondg==

ansi-styles@^3.2.1:
  version "3.2.1"
  resolved "https://registry.yarnpkg.com/ansi-styles/-/ansi-styles-3.2.1.tgz#41fbb20243e50b12be0f04b8dedbf07520ce841d"
  integrity sha512-VT0ZI6kZRdTh8YyJw3SMbYm/u+NqfsAxEpWO0Pf9sq8/e94WxxOpPKx9FR1FlyCtOVDNOQ+8ntlqFxiRc+r5qA==
  dependencies:
    color-convert "^1.9.0"

any-base@^1.1.0:
  version "1.1.0"
  resolved "https://registry.yarnpkg.com/any-base/-/any-base-1.1.0.tgz#ae101a62bc08a597b4c9ab5b7089d456630549fe"
  integrity sha512-uMgjozySS8adZZYePpaWs8cxB9/kdzmpX6SgJZ+wbz1K5eYk5QMYDVJaZKhxyIHUdnnJkfR7SVgStgH7LkGUyg==

base64-js@^1.0.2:
  version "1.3.1"
  resolved "https://registry.yarnpkg.com/base64-js/-/base64-js-1.3.1.tgz#58ece8cb75dd07e71ed08c736abc5fac4dbf8df1"
  integrity sha512-mLQ4i2QO1ytvGWFWmcngKO//JXAQueZvwEKtjgQFM4jIK0kU+ytMfplL8j+n5mspOfjHwoAg+9yhb7BwAHm36g==

bmp-js@^0.1.0:
  version "0.1.0"
  resolved "https://registry.yarnpkg.com/bmp-js/-/bmp-js-0.1.0.tgz#e05a63f796a6c1ff25f4771ec7adadc148c07233"
  integrity sha1-4Fpj95amwf8l9Hcex62twUjAcjM=

buffer-equal@0.0.1:
  version "0.0.1"
  resolved "https://registry.yarnpkg.com/buffer-equal/-/buffer-equal-0.0.1.tgz#91bc74b11ea405bc916bc6aa908faafa5b4aac4b"
  integrity sha1-kbx0sR6kBbyRa8aqkI+q+ltKrEs=

buffer@^5.2.0:
  version "5.5.0"
  resolved "https://registry.yarnpkg.com/buffer/-/buffer-5.5.0.tgz#9c3caa3d623c33dd1c7ef584b89b88bf9c9bc1ce"
  integrity sha512-9FTEDjLjwoAkEwyMGDjYJQN2gfRgOKBKRfiglhvibGbpeeU/pQn1bJxQqm32OD/AIeEuHxU9roxXxg34Byp/Ww==
  dependencies:
    base64-js "^1.0.2"
    ieee754 "^1.1.4"

chalk@^2.4.2:
  version "2.4.2"
  resolved "https://registry.yarnpkg.com/chalk/-/chalk-2.4.2.tgz#cd42541677a54333cf541a49108c1432b44c9424"
  integrity sha512-Mti+f9lpJNcwF4tWV8/OrTTtF1gZi+f8FqlyAdouralcFWFQWF2+NgCHShjkCb+IFBLq9buZwE1xckQU4peSuQ==
  dependencies:
    ansi-styles "^3.2.1"
    escape-string-regexp "^1.0.5"
    supports-color "^5.3.0"

chardet@^0.7.0:
  version "0.7.0"
  resolved "https://registry.yarnpkg.com/chardet/-/chardet-0.7.0.tgz#90094849f0937f2eedc2425d0d28a9e5f0cbad9e"
  integrity sha512-mT8iDcrh03qDGRRmoA2hmBJnxpllMR+0/0qlzjqZES6NdiWDcZkCNAk4rPFZ9Q85r27unkiNNg8ZOiwZXBHwcA==

cli-cursor@^2.1.0:
  version "2.1.0"
  resolved "https://registry.yarnpkg.com/cli-cursor/-/cli-cursor-2.1.0.tgz#b35dac376479facc3e94747d41d0d0f5238ffcb5"
  integrity sha1-s12sN2R5+sw+lHR9QdDQ9SOP/LU=
  dependencies:
    restore-cursor "^2.0.0"

cli-width@^2.0.0:
  version "2.2.0"
  resolved "https://registry.yarnpkg.com/cli-width/-/cli-width-2.2.0.tgz#ff19ede8a9a5e579324147b0c11f0fbcbabed639"
  integrity sha1-/xnt6Kml5XkyQUewwR8PvLq+1jk=

color-convert@^1.9.0:
  version "1.9.3"
  resolved "https://registry.yarnpkg.com/color-convert/-/color-convert-1.9.3.tgz#bb71850690e1f136567de629d2d5471deda4c1e8"
  integrity sha512-QfAUtd+vFdAtFQcC8CCyYt1fYWxSqAiK2cSD6zDB8N3cpsEBAvRxp9zOGg6G/SHHJYAT88/az/IuDGALsNVbGg==
  dependencies:
    color-name "1.1.3"

color-name@1.1.3:
  version "1.1.3"
  resolved "https://registry.yarnpkg.com/color-name/-/color-name-1.1.3.tgz#a7d0558bd89c42f795dd42328f740831ca53bc25"
  integrity sha1-p9BVi9icQveV3UIyj3QIMcpTvCU=

dom-walk@^0.1.0:
  version "0.1.1"
  resolved "https://registry.yarnpkg.com/dom-walk/-/dom-walk-0.1.1.tgz#672226dc74c8f799ad35307df936aba11acd6018"
  integrity sha1-ZyIm3HTI95mtNTB9+TaroRrNYBg=

escape-string-regexp@^1.0.5:
  version "1.0.5"
  resolved "https://registry.yarnpkg.com/escape-string-regexp/-/escape-string-regexp-1.0.5.tgz#1b61c0562190a8dff6ae3bb2cf0200ca130b86d4"
  integrity sha1-G2HAViGQqN/2rjuyzwIAyhMLhtQ=

exif-parser@^0.1.12:
  version "0.1.12"
  resolved "https://registry.yarnpkg.com/exif-parser/-/exif-parser-0.1.12.tgz#58a9d2d72c02c1f6f02a0ef4a9166272b7760922"
  integrity sha1-WKnS1ywCwfbwKg70qRZicrd2CSI=

external-editor@^3.0.3:
  version "3.1.0"
  resolved "https://registry.yarnpkg.com/external-editor/-/external-editor-3.1.0.tgz#cb03f740befae03ea4d283caed2741a83f335495"
  integrity sha512-hMQ4CX1p1izmuLYyZqLMO/qGNw10wSv9QDCPfzXfyFrOaCSSoRfqE1Kf1s5an66J5JZC62NewG+mK49jOCtQew==
  dependencies:
    chardet "^0.7.0"
    iconv-lite "^0.4.24"
    tmp "^0.0.33"

figures@^2.0.0:
  version "2.0.0"
  resolved "https://registry.yarnpkg.com/figures/-/figures-2.0.0.tgz#3ab1a2d2a62c8bfb431a0c94cb797a2fce27c962"
  integrity sha1-OrGi0qYsi/tDGgyUy3l6L84nyWI=
  dependencies:
    escape-string-regexp "^1.0.5"

file-type@^16.5.4:
  version "16.5.4"
  resolved "https://registry.yarnpkg.com/file-type/-/file-type-16.5.4.tgz#474fb4f704bee427681f98dd390058a172a6c2fd"
  integrity sha512-/yFHK0aGjFEgDJjEKP0pWCplsPFPhwyfwevf/pVxiN0tmE4L9LmwWxWukdJSHdoCli4VgQLehjJtwQBnqmsKcw==
  dependencies:
    readable-web-to-node-stream "^3.0.0"
    strtok3 "^6.2.4"
    token-types "^4.1.1"

gifwrap@^0.9.2:
  version "0.9.4"
  resolved "https://registry.yarnpkg.com/gifwrap/-/gifwrap-0.9.4.tgz#f4eb6169ba027d61df64aafbdcb1f8ae58ccc0c5"
  integrity sha512-MDMwbhASQuVeD4JKd1fKgNgCRL3fGqMM4WaqpNhWO0JiMOAjbQdumbs4BbBZEy9/M00EHEjKN3HieVhCUlwjeQ==
  dependencies:
    image-q "^4.0.0"
    omggif "^1.0.10"

global@~4.3.0:
  version "4.3.2"
  resolved "https://registry.yarnpkg.com/global/-/global-4.3.2.tgz#e76989268a6c74c38908b1305b10fc0e394e9d0f"
  integrity sha1-52mJJopsdMOJCLEwWxD8DjlOnQ8=
  dependencies:
    min-document "^2.19.0"
    process "~0.5.1"

has-flag@^3.0.0:
  version "3.0.0"
  resolved "https://registry.yarnpkg.com/has-flag/-/has-flag-3.0.0.tgz#b5d454dc2199ae225699f3467e5a07f3b955bafd"
  integrity sha1-tdRU3CGZriJWmfNGfloH87lVuv0=

iconv-lite@^0.4.24:
  version "0.4.24"
  resolved "https://registry.yarnpkg.com/iconv-lite/-/iconv-lite-0.4.24.tgz#2022b4b25fbddc21d2f524974a474aafe733908b"
  integrity sha512-v3MXnZAcvnywkTUEZomIActle7RXXeedOR31wwl7VlyoXO4Qi9arvSenNQWne1TcRwhCL1HwLI21bEqdpj8/rA==
  dependencies:
    safer-buffer ">= 2.1.2 < 3"

ieee754@^1.1.4:
  version "1.1.13"
  resolved "https://registry.yarnpkg.com/ieee754/-/ieee754-1.1.13.tgz#ec168558e95aa181fd87d37f55c32bbcb6708b84"
  integrity sha512-4vf7I2LYV/HaWerSo3XmlMkp5eZ83i+/CDluXi/IGTs/O1sejBNhTtnxzmRZfvOUqj7lZjqHkeTvpgSFDlWZTg==

ieee754@^1.2.1:
  version "1.2.1"
  resolved "https://registry.yarnpkg.com/ieee754/-/ieee754-1.2.1.tgz#8eb7a10a63fff25d15a57b001586d177d1b0d352"
  integrity sha512-dcyqhDvX1C46lXZcVqCpK+FtMRQVdIMN6/Df5js2zouUsqG7I6sFxitIC+7KYK29KdXOLHdu9zL4sFnoVQnqaA==

image-q@^4.0.0:
  version "4.0.0"
  resolved "https://registry.yarnpkg.com/image-q/-/image-q-4.0.0.tgz#31e075be7bae3c1f42a85c469b4732c358981776"
  integrity sha512-PfJGVgIfKQJuq3s0tTDOKtztksibuUEbJQIYT3by6wctQo+Rdlh7ef4evJ5NCdxY4CfMbvFkocEwbl4BF8RlJw==
  dependencies:
    "@types/node" "16.9.1"

inherits@^2.0.3:
  version "2.0.4"
  resolved "https://registry.yarnpkg.com/inherits/-/inherits-2.0.4.tgz#0fa2c64f932917c3433a0ded55363aae37416b7c"
  integrity sha512-k/vGaX4/Yla3WzyMCvTQOXYeIHvqOKtnqBduzTHpzpQZzAskKMhZ2K+EnBiSM9zGSoIFeMpXKxa4dYeZIQqewQ==

inquirer@6.5.2:
  version "6.5.2"
  resolved "https://registry.yarnpkg.com/inquirer/-/inquirer-6.5.2.tgz#ad50942375d036d327ff528c08bd5fab089928ca"
  integrity sha512-cntlB5ghuB0iuO65Ovoi8ogLHiWGs/5yNrtUcKjFhSSiVeAIVpD7koaSU9RM8mpXw5YDi9RdYXGQMaOURB7ycQ==
  dependencies:
    ansi-escapes "^3.2.0"
    chalk "^2.4.2"
    cli-cursor "^2.1.0"
    cli-width "^2.0.0"
    external-editor "^3.0.3"
    figures "^2.0.0"
    lodash "^4.17.12"
    mute-stream "0.0.7"
    run-async "^2.2.0"
    rxjs "^6.4.0"
    string-width "^2.1.0"
    strip-ansi "^5.1.0"
    through "^2.3.6"

is-fullwidth-code-point@^2.0.0:
  version "2.0.0"
  resolved "https://registry.yarnpkg.com/is-fullwidth-code-point/-/is-fullwidth-code-point-2.0.0.tgz#a3b30a5c4f199183167aaab93beefae3ddfb654f"
  integrity sha1-o7MKXE8ZkYMWeqq5O+764937ZU8=

is-function@^1.0.1:
  version "1.0.1"
  resolved "https://registry.yarnpkg.com/is-function/-/is-function-1.0.1.tgz#12cfb98b65b57dd3d193a3121f5f6e2f437602b5"
  integrity sha1-Es+5i2W1fdPRk6MSH19uL0N2ArU=

is-promise@^2.1.0:
  version "2.1.0"
  resolved "https://registry.yarnpkg.com/is-promise/-/is-promise-2.1.0.tgz#79a2a9ece7f096e80f36d2b2f3bc16c1ff4bf3fa"
  integrity sha1-eaKp7OfwlugPNtKy87wWwf9L8/o=

jimp@0.17.0:
  version "0.17.0"
  resolved "https://registry.yarnpkg.com/jimp/-/jimp-0.17.0.tgz#9145fefbc57be300ad5cd6345a954dfc6eaf2d3c"
  integrity sha512-ppqGHVhQf5qCbDdGZTWuOvjt5j0SwtLSqofp2VCSED0Ha5q9ToWbR2y3fnzgkNupevoHQyajoYcai8XGfL24Vw==
  dependencies:
    "@babel/runtime" "^7.7.2"
    "@jimp/custom" "^0.17.0"
    "@jimp/plugins" "^0.17.0"
    "@jimp/types" "^0.17.0"
    regenerator-runtime "^0.13.3"

jpeg-js@^0.4.4:
  version "0.4.4"
  resolved "https://registry.yarnpkg.com/jpeg-js/-/jpeg-js-0.4.4.tgz#a9f1c6f1f9f0fa80cdb3484ed9635054d28936aa"
  integrity sha512-WZzeDOEtTOBK4Mdsar0IqEU5sMr3vSV2RqkAIzUEV2BHnUfKGyswWFPFwK5EeDo93K3FohSHbLAjj0s1Wzd+dg==

load-bmfont@^1.4.1:
  version "1.4.1"
  resolved "https://registry.yarnpkg.com/load-bmfont/-/load-bmfont-1.4.1.tgz#c0f5f4711a1e2ccff725a7b6078087ccfcddd3e9"
  integrity sha512-8UyQoYmdRDy81Brz6aLAUhfZLwr5zV0L3taTQ4hju7m6biuwiWiJXjPhBJxbUQJA8PrkvJ/7Enqmwk2sM14soA==
  dependencies:
    buffer-equal "0.0.1"
    mime "^1.3.4"
    parse-bmfont-ascii "^1.0.3"
    parse-bmfont-binary "^1.0.5"
    parse-bmfont-xml "^1.1.4"
    phin "^2.9.1"
    xhr "^2.0.1"
    xtend "^4.0.0"

lodash@^4.17.12:
  version "4.17.15"
  resolved "https://registry.yarnpkg.com/lodash/-/lodash-4.17.15.tgz#b447f6670a0455bbfeedd11392eff330ea097548"
  integrity sha512-8xOcRHvCjnocdS5cpwXQXVzmmh5e5+saE2QGoeQmbKmRS6J3VQppPOIt0MnmE+4xlZoumy0GPG0D0MVIQbNA1A==

mime@^1.3.4:
  version "1.6.0"
  resolved "https://registry.yarnpkg.com/mime/-/mime-1.6.0.tgz#32cd9e5c64553bd58d19a568af452acff04981b1"
  integrity sha512-x0Vn8spI+wuJ1O6S7gnbaQg8Pxh4NNHb7KSINmEWKiPE4RKOplvijn+NkmYmmRgP68mc70j2EbeTFRsrswaQeg==

mimic-fn@^1.0.0:
  version "1.2.0"
  resolved "https://registry.yarnpkg.com/mimic-fn/-/mimic-fn-1.2.0.tgz#820c86a39334640e99516928bd03fca88057d022"
  integrity sha512-jf84uxzwiuiIVKiOLpfYk7N46TSy8ubTonmneY9vrpHNAnp0QBt2BxWV9dO3/j+BoVAb+a5G6YDPW3M5HOdMWQ==

min-document@^2.19.0:
  version "2.19.0"
  resolved "https://registry.yarnpkg.com/min-document/-/min-document-2.19.0.tgz#7bd282e3f5842ed295bb748cdd9f1ffa2c824685"
  integrity sha1-e9KC4/WELtKVu3SM3Z8f+iyCRoU=
  dependencies:
    dom-walk "^0.1.0"

minimist@^1.2.5:
  version "1.2.5"
  resolved "https://registry.yarnpkg.com/minimist/-/minimist-1.2.5.tgz#67d66014b66a6a8aaa0c083c5fd58df4e4e97602"
  integrity sha512-FM9nNUYrRBAELZQT3xeZQ7fmMOBg6nWNmJKTcgsJeaLstP/UODVpGsr5OhXhhXg6f+qtJ8uiZ+PUxkDWcgIXLw==

mkdirp@^0.5.1:
  version "0.5.5"
  resolved "https://registry.yarnpkg.com/mkdirp/-/mkdirp-0.5.5.tgz#d91cefd62d1436ca0f41620e251288d420099def"
  integrity sha512-NKmAlESf6jMGym1++R0Ra7wvhV+wFW63FaSOFPwRahvea0gMUcGUhVeAg/0BC0wiv9ih5NYPB1Wn1UEI1/L+xQ==
  dependencies:
    minimist "^1.2.5"

mute-stream@0.0.7:
  version "0.0.7"
  resolved "https://registry.yarnpkg.com/mute-stream/-/mute-stream-0.0.7.tgz#3075ce93bc21b8fab43e1bc4da7e8115ed1e7bab"
  integrity sha1-MHXOk7whuPq0PhvE2n6BFe0ee6s=

omggif@^1.0.10, omggif@^1.0.9:
  version "1.0.10"
  resolved "https://registry.yarnpkg.com/omggif/-/omggif-1.0.10.tgz#ddaaf90d4a42f532e9e7cb3a95ecdd47f17c7b19"
  integrity sha512-LMJTtvgc/nugXj0Vcrrs68Mn2D1r0zf630VNtqtpI1FEO7e+O9FP4gqs9AcnBaSEeoHIPm28u6qgPR0oyEpGSw==

onetime@^2.0.0:
  version "2.0.1"
  resolved "https://registry.yarnpkg.com/onetime/-/onetime-2.0.1.tgz#067428230fd67443b2794b22bba528b6867962d4"
  integrity sha1-BnQoIw/WdEOyeUsiu6UotoZ5YtQ=
  dependencies:
    mimic-fn "^1.0.0"

os-tmpdir@~1.0.2:
  version "1.0.2"
  resolved "https://registry.yarnpkg.com/os-tmpdir/-/os-tmpdir-1.0.2.tgz#bbe67406c79aa85c5cfec766fe5734555dfa1274"
  integrity sha1-u+Z0BseaqFxc/sdm/lc0VV36EnQ=

pako@^1.0.5:
  version "1.0.11"
  resolved "https://registry.yarnpkg.com/pako/-/pako-1.0.11.tgz#6c9599d340d54dfd3946380252a35705a6b992bf"
  integrity sha512-4hLB8Py4zZce5s4yd9XzopqwVv/yGNhV1Bl8NTmCq1763HeK2+EwVTv+leGeL13Dnh2wfbqowVPXCIO0z4taYw==

parse-bmfont-ascii@^1.0.3:
  version "1.0.6"
  resolved "https://registry.yarnpkg.com/parse-bmfont-ascii/-/parse-bmfont-ascii-1.0.6.tgz#11ac3c3ff58f7c2020ab22769079108d4dfa0285"
  integrity sha1-Eaw8P/WPfCAgqyJ2kHkQjU36AoU=

parse-bmfont-binary@^1.0.5:
  version "1.0.6"
  resolved "https://registry.yarnpkg.com/parse-bmfont-binary/-/parse-bmfont-binary-1.0.6.tgz#d038b476d3e9dd9db1e11a0b0e53a22792b69006"
  integrity sha1-0Di0dtPp3Z2x4RoLDlOiJ5K2kAY=

parse-bmfont-xml@^1.1.4:
  version "1.1.4"
  resolved "https://registry.yarnpkg.com/parse-bmfont-xml/-/parse-bmfont-xml-1.1.4.tgz#015319797e3e12f9e739c4d513872cd2fa35f389"
  integrity sha512-bjnliEOmGv3y1aMEfREMBJ9tfL3WR0i0CKPj61DnSLaoxWR3nLrsQrEbCId/8rF4NyRF0cCqisSVXyQYWM+mCQ==
  dependencies:
    xml-parse-from-string "^1.0.0"
    xml2js "^0.4.5"

parse-headers@^2.0.0:
  version "2.0.3"
  resolved "https://registry.yarnpkg.com/parse-headers/-/parse-headers-2.0.3.tgz#5e8e7512383d140ba02f0c7aa9f49b4399c92515"
  integrity sha512-QhhZ+DCCit2Coi2vmAKbq5RGTRcQUOE2+REgv8vdyu7MnYx2eZztegqtTx99TZ86GTIwqiy3+4nQTWZ2tgmdCA==

peek-readable@^4.1.0:
  version "4.1.0"
  resolved "https://registry.yarnpkg.com/peek-readable/-/peek-readable-4.1.0.tgz#4ece1111bf5c2ad8867c314c81356847e8a62e72"
  integrity sha512-ZI3LnwUv5nOGbQzD9c2iDG6toheuXSZP5esSHBjopsXH4dg19soufvpUGA3uohi5anFtGb2lhAVdHzH6R/Evvg==

phin@^2.9.1:
  version "2.9.3"
  resolved "https://registry.yarnpkg.com/phin/-/phin-2.9.3.tgz#f9b6ac10a035636fb65dfc576aaaa17b8743125c"
  integrity sha512-CzFr90qM24ju5f88quFC/6qohjC144rehe5n6DH900lgXmUe86+xCKc10ev56gRKC4/BkHUoG4uSiQgBiIXwDA==

pixelmatch@^4.0.2:
  version "4.0.2"
  resolved "https://registry.yarnpkg.com/pixelmatch/-/pixelmatch-4.0.2.tgz#8f47dcec5011b477b67db03c243bc1f3085e8854"
  integrity sha1-j0fc7FARtHe2fbA8JDvB8wheiFQ=
  dependencies:
    pngjs "^3.0.0"

pngjs@^3.0.0:
  version "3.4.0"
  resolved "https://registry.yarnpkg.com/pngjs/-/pngjs-3.4.0.tgz#99ca7d725965fb655814eaf65f38f12bbdbf555f"
  integrity sha512-NCrCHhWmnQklfH4MtJMRjZ2a8c80qXeMlQMv2uVp9ISJMTt562SbGd6n2oq0PaPgKm7Z6pL9E2UlLIhC+SHL3w==

pngjs@^6.0.0:
  version "6.0.0"
  resolved "https://registry.yarnpkg.com/pngjs/-/pngjs-6.0.0.tgz#ca9e5d2aa48db0228a52c419c3308e87720da821"
  integrity sha512-TRzzuFRRmEoSW/p1KVAmiOgPco2Irlah+bGFCeNfJXxxYGwSw7YwAOAcd7X28K/m5bjBWKsC29KyoMfHbypayg==

process@~0.5.1:
  version "0.5.2"
  resolved "https://registry.yarnpkg.com/process/-/process-0.5.2.tgz#1638d8a8e34c2f440a91db95ab9aeb677fc185cf"
  integrity sha1-FjjYqONML0QKkduVq5rrZ3/Bhc8=

readable-stream@^3.6.0:
  version "3.6.2"
  resolved "https://registry.yarnpkg.com/readable-stream/-/readable-stream-3.6.2.tgz#56a9b36ea965c00c5a93ef31eb111a0f11056967"
  integrity sha512-9u/sniCrY3D5WdsERHzHE4G2YCXqoG5FTHUiCC4SIbr6XcLZBY05ya9EKjYek9O5xOAwjGq+1JdGBAS7Q9ScoA==
  dependencies:
    inherits "^2.0.3"
    string_decoder "^1.1.1"
    util-deprecate "^1.0.1"

readable-web-to-node-stream@^3.0.0:
  version "3.0.2"
  resolved "https://registry.yarnpkg.com/readable-web-to-node-stream/-/readable-web-to-node-stream-3.0.2.tgz#5d52bb5df7b54861fd48d015e93a2cb87b3ee0bb"
  integrity sha512-ePeK6cc1EcKLEhJFt/AebMCLL+GgSKhuygrZ/GLaKZYEecIgIECf4UaUuaByiGtzckwR4ain9VzUh95T1exYGw==
  dependencies:
    readable-stream "^3.6.0"

regenerator-runtime@^0.13.3, regenerator-runtime@^0.13.4:
  version "0.13.5"
  resolved "https://registry.yarnpkg.com/regenerator-runtime/-/regenerator-runtime-0.13.5.tgz#d878a1d094b4306d10b9096484b33ebd55e26697"
  integrity sha512-ZS5w8CpKFinUzOwW3c83oPeVXoNsrLsaCoLtJvAClH135j/R77RuymhiSErhm2lKcwSCIpmvIWSbDkIfAqKQlA==

restore-cursor@^2.0.0:
  version "2.0.0"
  resolved "https://registry.yarnpkg.com/restore-cursor/-/restore-cursor-2.0.0.tgz#9f7ee287f82fd326d4fd162923d62129eee0dfaf"
  integrity sha1-n37ih/gv0ybU/RYpI9YhKe7g368=
  dependencies:
    onetime "^2.0.0"
    signal-exit "^3.0.2"

run-async@^2.2.0:
  version "2.4.0"
  resolved "https://registry.yarnpkg.com/run-async/-/run-async-2.4.0.tgz#e59054a5b86876cfae07f431d18cbaddc594f1e8"
  integrity sha512-xJTbh/d7Lm7SBhc1tNvTpeCHaEzoyxPrqNlvSdMfBTYwaY++UJFyXUOxAtsRUXjlqOfj8luNaR9vjCh4KeV+pg==
  dependencies:
    is-promise "^2.1.0"

rxjs@^6.4.0:
  version "6.5.4"
  resolved "https://registry.yarnpkg.com/rxjs/-/rxjs-6.5.4.tgz#e0777fe0d184cec7872df147f303572d414e211c"
  integrity sha512-naMQXcgEo3csAEGvw/NydRA0fuS2nDZJiw1YUWFKU7aPPAPGZEsD4Iimit96qwCieH6y614MCLYwdkrWx7z/7Q==
  dependencies:
    tslib "^1.9.0"

safe-buffer@~5.2.0:
  version "5.2.1"
  resolved "https://registry.yarnpkg.com/safe-buffer/-/safe-buffer-5.2.1.tgz#1eaf9fa9bdb1fdd4ec75f58f9cdb4e6b7827eec6"
  integrity sha512-rp3So07KcdmmKbGvgaNxQSJr7bGVSVk5S9Eq1F+ppbRo70+YeaDxkw5Dd8NPN+GD6bjnYm2VuPuCXmpuYvmCXQ==

"safer-buffer@>= 2.1.2 < 3":
  version "2.1.2"
  resolved "https://registry.yarnpkg.com/safer-buffer/-/safer-buffer-2.1.2.tgz#44fa161b0187b9549dd84bb91802f9bd8385cd6a"
  integrity sha512-YZo3K82SD7Riyi0E1EQPojLz7kpepnSQI9IyPbHHg1XXXevb5dJI7tpyN2ADxGcQbHG7vcyRHk0cbwqcQriUtg==

sax@>=0.6.0:
  version "1.2.4"
  resolved "https://registry.yarnpkg.com/sax/-/sax-1.2.4.tgz#2816234e2378bddc4e5354fab5caa895df7100d9"
  integrity sha512-NqVDv9TpANUjFm0N8uM5GxL36UgKi9/atZw+x7YFnQ8ckwFGKrl4xX4yWtrey3UJm5nP1kUbnYgLopqWNSRhWw==

signal-exit@^3.0.2:
  version "3.0.2"
  resolved "https://registry.yarnpkg.com/signal-exit/-/signal-exit-3.0.2.tgz#b5fdc08f1287ea1178628e415e25132b73646c6d"
  integrity sha1-tf3AjxKH6hF4Yo5BXiUTK3NkbG0=

string-width@^2.1.0:
  version "2.1.1"
  resolved "https://registry.yarnpkg.com/string-width/-/string-width-2.1.1.tgz#ab93f27a8dc13d28cac815c462143a6d9012ae9e"
  integrity sha512-nOqH59deCq9SRHlxq1Aw85Jnt4w6KvLKqWVik6oA9ZklXLNIOlqg4F2yrT1MVaTjAqvVwdfeZ7w7aCvJD7ugkw==
  dependencies:
    is-fullwidth-code-point "^2.0.0"
    strip-ansi "^4.0.0"

string_decoder@^1.1.1:
  version "1.3.0"
  resolved "https://registry.yarnpkg.com/string_decoder/-/string_decoder-1.3.0.tgz#42f114594a46cf1a8e30b0a84f56c78c3edac21e"
  integrity sha512-hkRX8U1WjJFd8LsDJ2yQ/wWWxaopEsABU1XfkM8A+j0+85JAGppt16cr1Whg6KIbb4okU6Mql6BOj+uup/wKeA==
  dependencies:
    safe-buffer "~5.2.0"

strip-ansi@^4.0.0:
  version "4.0.0"
  resolved "https://registry.yarnpkg.com/strip-ansi/-/strip-ansi-4.0.0.tgz#a8479022eb1ac368a871389b635262c505ee368f"
  integrity sha1-qEeQIusaw2iocTibY1JixQXuNo8=
  dependencies:
    ansi-regex "^3.0.0"

strip-ansi@^5.1.0:
  version "5.2.0"
  resolved "https://registry.yarnpkg.com/strip-ansi/-/strip-ansi-5.2.0.tgz#8c9a536feb6afc962bdfa5b104a5091c1ad9c0ae"
  integrity sha512-DuRs1gKbBqsMKIZlrffwlug8MHkcnpjs5VPmL1PAh+mA30U0DTotfDZ0d2UUsXpPmPmMMJ6W773MaA3J+lbiWA==
  dependencies:
    ansi-regex "^4.1.0"

strtok3@^6.2.4:
  version "6.3.0"
  resolved "https://registry.yarnpkg.com/strtok3/-/strtok3-6.3.0.tgz#358b80ffe6d5d5620e19a073aa78ce947a90f9a0"
  integrity sha512-fZtbhtvI9I48xDSywd/somNqgUHl2L2cstmXCCif0itOf96jeW18MBSyrLuNicYQVkvpOxkZtkzujiTJ9LW5Jw==
  dependencies:
    "@tokenizer/token" "^0.3.0"
    peek-readable "^4.1.0"

supports-color@^5.3.0:
  version "5.5.0"
  resolved "https://registry.yarnpkg.com/supports-color/-/supports-color-5.5.0.tgz#e2e69a44ac8772f78a1ec0b35b689df6530efc8f"
  integrity sha512-QjVjwdXIt408MIiAqCX4oUKsgU2EqAGzs2Ppkm4aQYbjm+ZEWEcW4SfFNTr4uMNZma0ey4f5lgLrkB0aX0QMow==
  dependencies:
    has-flag "^3.0.0"

through@^2.3.6:
  version "2.3.8"
  resolved "https://registry.yarnpkg.com/through/-/through-2.3.8.tgz#0dd4c9ffaabc357960b1b724115d7e0e86a2e1f5"
  integrity sha1-DdTJ/6q8NXlgsbckEV1+Doai4fU=

timm@^1.6.1:
  version "1.6.2"
  resolved "https://registry.yarnpkg.com/timm/-/timm-1.6.2.tgz#dfd8c6719f7ba1fcfc6295a32670a1c6d166c0bd"
  integrity sha512-IH3DYDL1wMUwmIlVmMrmesw5lZD6N+ZOAFWEyLrtpoL9Bcrs9u7M/vyOnHzDD2SMs4irLkVjqxZbHrXStS/Nmw==

tinycolor2@^1.4.1:
  version "1.4.1"
  resolved "https://registry.yarnpkg.com/tinycolor2/-/tinycolor2-1.4.1.tgz#f4fad333447bc0b07d4dc8e9209d8f39a8ac77e8"
  integrity sha1-9PrTM0R7wLB9TcjpIJ2POaisd+g=

tmp@^0.0.33:
  version "0.0.33"
  resolved "https://registry.yarnpkg.com/tmp/-/tmp-0.0.33.tgz#6d34335889768d21b2bcda0aa277ced3b1bfadf9"
  integrity sha512-jRCJlojKnZ3addtTOjdIqoRuPEKBvNXcGYqzO6zWZX8KfKEpnGY5jfggJQ3EjKuu8D4bJRr0y+cYJFmYbImXGw==
  dependencies:
    os-tmpdir "~1.0.2"

token-types@^4.1.1:
  version "4.2.1"
  resolved "https://registry.yarnpkg.com/token-types/-/token-types-4.2.1.tgz#0f897f03665846982806e138977dbe72d44df753"
  integrity sha512-6udB24Q737UD/SDsKAHI9FCRP7Bqc9D/MQUV02ORQg5iskjtLJlZJNdN4kKtcdtwCeWIwIHDGaUsTsCCAa8sFQ==
  dependencies:
    "@tokenizer/token" "^0.3.0"
    ieee754 "^1.2.1"

tslib@^1.9.0:
  version "1.11.1"
  resolved "https://registry.yarnpkg.com/tslib/-/tslib-1.11.1.tgz#eb15d128827fbee2841549e171f45ed338ac7e35"
  integrity sha512-aZW88SY8kQbU7gpV19lN24LtXh/yD4ZZg6qieAJDDg+YBsJcSmLGK9QpnUjAKVG/xefmvJGd1WUmfpT/g6AJGA==

utif@^2.0.1:
  version "2.0.1"
  resolved "https://registry.yarnpkg.com/utif/-/utif-2.0.1.tgz#9e1582d9bbd20011a6588548ed3266298e711759"
  integrity sha512-Z/S1fNKCicQTf375lIP9G8Sa1H/phcysstNrrSdZKj1f9g58J4NMgb5IgiEZN9/nLMPDwF0W7hdOe9Qq2IYoLg==
  dependencies:
    pako "^1.0.5"

util-deprecate@^1.0.1:
  version "1.0.2"
  resolved "https://registry.yarnpkg.com/util-deprecate/-/util-deprecate-1.0.2.tgz#450d4dc9fa70de732762fbd2d4a28981419a0ccf"
  integrity sha512-EPD5q1uXyFxJpCrLnCc1nHnq3gOa6DZBocAIiI2TaSCA7VCJ1UJDMagCzIkXNsUYfD1daK//LTEQ8xiIbrHtcw==

xhr@^2.0.1:
  version "2.5.0"
  resolved "https://registry.yarnpkg.com/xhr/-/xhr-2.5.0.tgz#bed8d1676d5ca36108667692b74b316c496e49dd"
  integrity sha512-4nlO/14t3BNUZRXIXfXe+3N6w3s1KoxcJUUURctd64BLRe67E4gRwp4PjywtDY72fXpZ1y6Ch0VZQRY/gMPzzQ==
  dependencies:
    global "~4.3.0"
    is-function "^1.0.1"
    parse-headers "^2.0.0"
    xtend "^4.0.0"

xml-parse-from-string@^1.0.0:
  version "1.0.1"
  resolved "https://registry.yarnpkg.com/xml-parse-from-string/-/xml-parse-from-string-1.0.1.tgz#a9029e929d3dbcded169f3c6e28238d95a5d5a28"
  integrity sha1-qQKekp09vN7RafPG4oI42VpdWig=

xml2js@^0.4.5:
  version "0.4.23"
  resolved "https://registry.yarnpkg.com/xml2js/-/xml2js-0.4.23.tgz#a0c69516752421eb2ac758ee4d4ccf58843eac66"
  integrity sha512-ySPiMjM0+pLDftHgXY4By0uswI3SPKLDw/i3UXbnO8M/p28zqexCUoPmQFrYD+/1BzhGJSs2i1ERWKJAtiLrug==
  dependencies:
    sax ">=0.6.0"
    xmlbuilder "~11.0.0"

xmlbuilder@~11.0.0:
  version "11.0.1"
  resolved "https://registry.yarnpkg.com/xmlbuilder/-/xmlbuilder-11.0.1.tgz#be9bae1c8a046e76b31127726347d0ad7002beb3"
  integrity sha512-fDlsI/kFEx7gLvbecc0/ohLG50fugQp8ryHzMTuW9vSa1GJ0XYWKnhsUx7oie3G98+r56aTQIUB4kht42R3JvA==

xtend@^4.0.0:
  version "4.0.2"
  resolved "https://registry.yarnpkg.com/xtend/-/xtend-4.0.2.tgz#bb72779f5fa465186b1f438f674fa347fdb5db54"
  integrity sha512-LKYU1iAXJXUgAXn9URjiu+MWhyUXHsvfp7mcuYm9dSUKK0/CjtrUwFAxD82/mCWbtLsGjFIad0wIsod4zrTAEQ==
